
Microsoft Visual Studio Solution File, Format Version 12.00
# Visual Studio Version 17
VisualStudioVersion = 17.8.34330.188
MinimumVisualStudioVersion = 10.0.40219.1
Project("{9A19103F-16F7-4668-BE54-9A1E7A4F7556}") = "product_catalog.API", "product_catalog.API\product_catalog.API.csproj", "{E458D084-9D86-47EC-8B90-E8E2620E4CAF}"
EndProject
Project("{9A19103F-16F7-4668-BE54-9A1E7A4F7556}") = "product_catalog.DataAccess", "product_catalog.DataAccess\product_catalog.DataAccess.csproj", "{313567D7-9165-4C2F-A264-EB4AACB6D977}"
EndProject
Project("{9A19103F-16F7-4668-BE54-9A1E7A4F7556}") = "product_catalog.Domain", "product_catalog.Domain\product_catalog.Domain.csproj", "{0EFDE3BD-8637-43E6-8DFB-E4DAE2E3D3EE}"
EndProject
Project("{9A19103F-16F7-4668-BE54-9A1E7A4F7556}") = "product_catalog.Application", "product_catalog.Application\product_catalog.Application.csproj", "{486ECA2C-7CD6-4DD2-9051-F6A56FA6D89F}"
EndProject
Project("{FAE04EC0-301F-11D3-BF4B-00C04F79EFBC}") = "product_catalog.NBRB", "product_catalog.NBRB\product_catalog.NBRB.csproj", "{D3872993-4028-45CD-8B98-3F70A3961737}"
EndProject
Global
	GlobalSection(SolutionConfigurationPlatforms) = preSolution
		Debug|Any CPU = Debug|Any CPU
		Release|Any CPU = Release|Any CPU
	EndGlobalSection
	GlobalSection(ProjectConfigurationPlatforms) = postSolution
		{E458D084-9D86-47EC-8B90-E8E2620E4CAF}.Debug|Any CPU.ActiveCfg = Debug|Any CPU
		{E458D084-9D86-47EC-8B90-E8E2620E4CAF}.Debug|Any CPU.Build.0 = Debug|Any CPU
		{E458D084-9D86-47EC-8B90-E8E2620E4CAF}.Release|Any CPU.ActiveCfg = Release|Any CPU
		{E458D084-9D86-47EC-8B90-E8E2620E4CAF}.Release|Any CPU.Build.0 = Release|Any CPU
		{313567D7-9165-4C2F-A264-EB4AACB6D977}.Debug|Any CPU.ActiveCfg = Debug|Any CPU
		{313567D7-9165-4C2F-A264-EB4AACB6D977}.Debug|Any CPU.Build.0 = Debug|Any CPU
		{313567D7-9165-4C2F-A264-EB4AACB6D977}.Release|Any CPU.ActiveCfg = Release|Any CPU
		{313567D7-9165-4C2F-A264-EB4AACB6D977}.Release|Any CPU.Build.0 = Release|Any CPU
		{0EFDE3BD-8637-43E6-8DFB-E4DAE2E3D3EE}.Debug|Any CPU.ActiveCfg = Debug|Any CPU
		{0EFDE3BD-8637-43E6-8DFB-E4DAE2E3D3EE}.Debug|Any CPU.Build.0 = Debug|Any CPU
		{0EFDE3BD-8637-43E6-8DFB-E4DAE2E3D3EE}.Release|Any CPU.ActiveCfg = Release|Any CPU
		{0EFDE3BD-8637-43E6-8DFB-E4DAE2E3D3EE}.Release|Any CPU.Build.0 = Release|Any CPU
		{486ECA2C-7CD6-4DD2-9051-F6A56FA6D89F}.Debug|Any CPU.ActiveCfg = Debug|Any CPU
		{486ECA2C-7CD6-4DD2-9051-F6A56FA6D89F}.Debug|Any CPU.Build.0 = Debug|Any CPU
		{486ECA2C-7CD6-4DD2-9051-F6A56FA6D89F}.Release|Any CPU.ActiveCfg = Release|Any CPU
		{486ECA2C-7CD6-4DD2-9051-F6A56FA6D89F}.Release|Any CPU.Build.0 = Release|Any CPU
		{D3872993-4028-45CD-8B98-3F70A3961737}.Debug|Any CPU.ActiveCfg = Debug|Any CPU
		{D3872993-4028-45CD-8B98-3F70A3961737}.Debug|Any CPU.Build.0 = Debug|Any CPU
		{D3872993-4028-45CD-8B98-3F70A3961737}.Release|Any CPU.ActiveCfg = Release|Any CPU
		{D3872993-4028-45CD-8B98-3F70A3961737}.Release|Any CPU.Build.0 = Release|Any CPU
	EndGlobalSection
	GlobalSection(SolutionProperties) = preSolution
		HideSolutionNode = FALSE
	EndGlobalSection
	GlobalSection(ExtensibilityGlobals) = postSolution
		SolutionGuid = {097C84B1-EC15-437D-8978-1C7A9B25C050}
	EndGlobalSection
EndGlobal
